
Microsoft Visual Studio Solution File, Format Version 12.00
# Visual Studio Version 16
VisualStudioVersion = 16.0.30114.105
MinimumVisualStudioVersion = 10.0.40219.1
Project("{FAE04EC0-301F-11D3-BF4B-00C04F79EFBC}") = "CleanArchMvc.Domain", "src\CleanArchMvc.Domain\CleanArchMvc.Domain.csproj", "{7F01F56D-E252-4EAD-BE1C-F7492C70360C}"
EndProject
Project("{FAE04EC0-301F-11D3-BF4B-00C04F79EFBC}") = "CleanArchMvc.Application", "src\CleanArchMvc.Application\CleanArchMvc.Application.csproj", "{6123805E-580C-4B68-AD43-DD6FDF3648B2}"
EndProject
Project("{FAE04EC0-301F-11D3-BF4B-00C04F79EFBC}") = "CleanArchMvc.Infra.Data", "src\CleanArchMvc.Infra.Data\CleanArchMvc.Infra.Data.csproj", "{610FC026-5834-48AD-91C3-D033A10CFBFD}"
EndProject
Project("{FAE04EC0-301F-11D3-BF4B-00C04F79EFBC}") = "CleanArchMvc.Infra.IoC", "src\CleanArchMvc.Infra.IoC\CleanArchMvc.Infra.IoC.csproj", "{6452FFE9-CDAE-467C-9CAF-CB024A7ACDC3}"
EndProject
Project("{FAE04EC0-301F-11D3-BF4B-00C04F79EFBC}") = "CleanArchMvc.WebUI", "src\CleanArchMvc.WebUI\CleanArchMvc.WebUI.csproj", "{B00C60AB-F284-4F19-BA1B-4282D57EBD73}"
EndProject
Project("{2150E333-8FDC-42A3-9474-1A3956D46DE8}") = "src", "src", "{34BC2B01-785D-49DE-98A6-4A28ECBE50F5}"
EndProject
Project("{2150E333-8FDC-42A3-9474-1A3956D46DE8}") = "tests", "tests", "{C8F03947-923E-4E3C-827C-331B8AF727DA}"
EndProject
Project("{FAE04EC0-301F-11D3-BF4B-00C04F79EFBC}") = "CleanArchMvc.Domain.Tests", "tests\CleanArchMvc.Domain.Tests\CleanArchMvc.Domain.Tests.csproj", "{4EEC0697-7D16-468B-87C8-9C0F482390AB}"
EndProject
Global
	GlobalSection(SolutionConfigurationPlatforms) = preSolution
		Debug|Any CPU = Debug|Any CPU
		Debug|x64 = Debug|x64
		Debug|x86 = Debug|x86
		Release|Any CPU = Release|Any CPU
		Release|x64 = Release|x64
		Release|x86 = Release|x86
	EndGlobalSection
	GlobalSection(SolutionProperties) = preSolution
		HideSolutionNode = FALSE
	EndGlobalSection
	GlobalSection(ProjectConfigurationPlatforms) = postSolution
		{7F01F56D-E252-4EAD-BE1C-F7492C70360C}.Debug|Any CPU.ActiveCfg = Debug|Any CPU
		{7F01F56D-E252-4EAD-BE1C-F7492C70360C}.Debug|Any CPU.Build.0 = Debug|Any CPU
		{7F01F56D-E252-4EAD-BE1C-F7492C70360C}.Debug|x64.ActiveCfg = Debug|Any CPU
		{7F01F56D-E252-4EAD-BE1C-F7492C70360C}.Debug|x64.Build.0 = Debug|Any CPU
		{7F01F56D-E252-4EAD-BE1C-F7492C70360C}.Debug|x86.ActiveCfg = Debug|Any CPU
		{7F01F56D-E252-4EAD-BE1C-F7492C70360C}.Debug|x86.Build.0 = Debug|Any CPU
		{7F01F56D-E252-4EAD-BE1C-F7492C70360C}.Release|Any CPU.ActiveCfg = Release|Any CPU
		{7F01F56D-E252-4EAD-BE1C-F7492C70360C}.Release|Any CPU.Build.0 = Release|Any CPU
		{7F01F56D-E252-4EAD-BE1C-F7492C70360C}.Release|x64.ActiveCfg = Release|Any CPU
		{7F01F56D-E252-4EAD-BE1C-F7492C70360C}.Release|x64.Build.0 = Release|Any CPU
		{7F01F56D-E252-4EAD-BE1C-F7492C70360C}.Release|x86.ActiveCfg = Release|Any CPU
		{7F01F56D-E252-4EAD-BE1C-F7492C70360C}.Release|x86.Build.0 = Release|Any CPU
		{6123805E-580C-4B68-AD43-DD6FDF3648B2}.Debug|Any CPU.ActiveCfg = Debug|Any CPU
		{6123805E-580C-4B68-AD43-DD6FDF3648B2}.Debug|Any CPU.Build.0 = Debug|Any CPU
		{6123805E-580C-4B68-AD43-DD6FDF3648B2}.Debug|x64.ActiveCfg = Debug|Any CPU
		{6123805E-580C-4B68-AD43-DD6FDF3648B2}.Debug|x64.Build.0 = Debug|Any CPU
		{6123805E-580C-4B68-AD43-DD6FDF3648B2}.Debug|x86.ActiveCfg = Debug|Any CPU
		{6123805E-580C-4B68-AD43-DD6FDF3648B2}.Debug|x86.Build.0 = Debug|Any CPU
		{6123805E-580C-4B68-AD43-DD6FDF3648B2}.Release|Any CPU.ActiveCfg = Release|Any CPU
		{6123805E-580C-4B68-AD43-DD6FDF3648B2}.Release|Any CPU.Build.0 = Release|Any CPU
		{6123805E-580C-4B68-AD43-DD6FDF3648B2}.Release|x64.ActiveCfg = Release|Any CPU
		{6123805E-580C-4B68-AD43-DD6FDF3648B2}.Release|x64.Build.0 = Release|Any CPU
		{6123805E-580C-4B68-AD43-DD6FDF3648B2}.Release|x86.ActiveCfg = Release|Any CPU
		{6123805E-580C-4B68-AD43-DD6FDF3648B2}.Release|x86.Build.0 = Release|Any CPU
		{610FC026-5834-48AD-91C3-D033A10CFBFD}.Debug|Any CPU.ActiveCfg = Debug|Any CPU
		{610FC026-5834-48AD-91C3-D033A10CFBFD}.Debug|Any CPU.Build.0 = Debug|Any CPU
		{610FC026-5834-48AD-91C3-D033A10CFBFD}.Debug|x64.ActiveCfg = Debug|Any CPU
		{610FC026-5834-48AD-91C3-D033A10CFBFD}.Debug|x64.Build.0 = Debug|Any CPU
		{610FC026-5834-48AD-91C3-D033A10CFBFD}.Debug|x86.ActiveCfg = Debug|Any CPU
		{610FC026-5834-48AD-91C3-D033A10CFBFD}.Debug|x86.Build.0 = Debug|Any CPU
		{610FC026-5834-48AD-91C3-D033A10CFBFD}.Release|Any CPU.ActiveCfg = Release|Any CPU
		{610FC026-5834-48AD-91C3-D033A10CFBFD}.Release|Any CPU.Build.0 = Release|Any CPU
		{610FC026-5834-48AD-91C3-D033A10CFBFD}.Release|x64.ActiveCfg = Release|Any CPU
		{610FC026-5834-48AD-91C3-D033A10CFBFD}.Release|x64.Build.0 = Release|Any CPU
		{610FC026-5834-48AD-91C3-D033A10CFBFD}.Release|x86.ActiveCfg = Release|Any CPU
		{610FC026-5834-48AD-91C3-D033A10CFBFD}.Release|x86.Build.0 = Release|Any CPU
		{6452FFE9-CDAE-467C-9CAF-CB024A7ACDC3}.Debug|Any CPU.ActiveCfg = Debug|Any CPU
		{6452FFE9-CDAE-467C-9CAF-CB024A7ACDC3}.Debug|Any CPU.Build.0 = Debug|Any CPU
		{6452FFE9-CDAE-467C-9CAF-CB024A7ACDC3}.Debug|x64.ActiveCfg = Debug|Any CPU
		{6452FFE9-CDAE-467C-9CAF-CB024A7ACDC3}.Debug|x64.Build.0 = Debug|Any CPU
		{6452FFE9-CDAE-467C-9CAF-CB024A7ACDC3}.Debug|x86.ActiveCfg = Debug|Any CPU
		{6452FFE9-CDAE-467C-9CAF-CB024A7ACDC3}.Debug|x86.Build.0 = Debug|Any CPU
		{6452FFE9-CDAE-467C-9CAF-CB024A7ACDC3}.Release|Any CPU.ActiveCfg = Release|Any CPU
		{6452FFE9-CDAE-467C-9CAF-CB024A7ACDC3}.Release|Any CPU.Build.0 = Release|Any CPU
		{6452FFE9-CDAE-467C-9CAF-CB024A7ACDC3}.Release|x64.ActiveCfg = Release|Any CPU
		{6452FFE9-CDAE-467C-9CAF-CB024A7ACDC3}.Release|x64.Build.0 = Release|Any CPU
		{6452FFE9-CDAE-467C-9CAF-CB024A7ACDC3}.Release|x86.ActiveCfg = Release|Any CPU
		{6452FFE9-CDAE-467C-9CAF-CB024A7ACDC3}.Release|x86.Build.0 = Release|Any CPU
		{B00C60AB-F284-4F19-BA1B-4282D57EBD73}.Debug|Any CPU.ActiveCfg = Debug|Any CPU
		{B00C60AB-F284-4F19-BA1B-4282D57EBD73}.Debug|Any CPU.Build.0 = Debug|Any CPU
		{B00C60AB-F284-4F19-BA1B-4282D57EBD73}.Debug|x64.ActiveCfg = Debug|Any CPU
		{B00C60AB-F284-4F19-BA1B-4282D57EBD73}.Debug|x64.Build.0 = Debug|Any CPU
		{B00C60AB-F284-4F19-BA1B-4282D57EBD73}.Debug|x86.ActiveCfg = Debug|Any CPU
		{B00C60AB-F284-4F19-BA1B-4282D57EBD73}.Debug|x86.Build.0 = Debug|Any CPU
		{B00C60AB-F284-4F19-BA1B-4282D57EBD73}.Release|Any CPU.ActiveCfg = Release|Any CPU
		{B00C60AB-F284-4F19-BA1B-4282D57EBD73}.Release|Any CPU.Build.0 = Release|Any CPU
		{B00C60AB-F284-4F19-BA1B-4282D57EBD73}.Release|x64.ActiveCfg = Release|Any CPU
		{B00C60AB-F284-4F19-BA1B-4282D57EBD73}.Release|x64.Build.0 = Release|Any CPU
		{B00C60AB-F284-4F19-BA1B-4282D57EBD73}.Release|x86.ActiveCfg = Release|Any CPU
		{B00C60AB-F284-4F19-BA1B-4282D57EBD73}.Release|x86.Build.0 = Release|Any CPU
		{4EEC0697-7D16-468B-87C8-9C0F482390AB}.Debug|Any CPU.ActiveCfg = Debug|Any CPU
		{4EEC0697-7D16-468B-87C8-9C0F482390AB}.Debug|Any CPU.Build.0 = Debug|Any CPU
		{4EEC0697-7D16-468B-87C8-9C0F482390AB}.Debug|x64.ActiveCfg = Debug|Any CPU
		{4EEC0697-7D16-468B-87C8-9C0F482390AB}.Debug|x64.Build.0 = Debug|Any CPU
		{4EEC0697-7D16-468B-87C8-9C0F482390AB}.Debug|x86.ActiveCfg = Debug|Any CPU
		{4EEC0697-7D16-468B-87C8-9C0F482390AB}.Debug|x86.Build.0 = Debug|Any CPU
		{4EEC0697-7D16-468B-87C8-9C0F482390AB}.Release|Any CPU.ActiveCfg = Release|Any CPU
		{4EEC0697-7D16-468B-87C8-9C0F482390AB}.Release|Any CPU.Build.0 = Release|Any CPU
		{4EEC0697-7D16-468B-87C8-9C0F482390AB}.Release|x64.ActiveCfg = Release|Any CPU
		{4EEC0697-7D16-468B-87C8-9C0F482390AB}.Release|x64.Build.0 = Release|Any CPU
		{4EEC0697-7D16-468B-87C8-9C0F482390AB}.Release|x86.ActiveCfg = Release|Any CPU
		{4EEC0697-7D16-468B-87C8-9C0F482390AB}.Release|x86.Build.0 = Release|Any CPU
	EndGlobalSection
	GlobalSection(NestedProjects) = preSolution
		{6123805E-580C-4B68-AD43-DD6FDF3648B2} = {34BC2B01-785D-49DE-98A6-4A28ECBE50F5}
		{7F01F56D-E252-4EAD-BE1C-F7492C70360C} = {34BC2B01-785D-49DE-98A6-4A28ECBE50F5}
		{610FC026-5834-48AD-91C3-D033A10CFBFD} = {34BC2B01-785D-49DE-98A6-4A28ECBE50F5}
		{6452FFE9-CDAE-467C-9CAF-CB024A7ACDC3} = {34BC2B01-785D-49DE-98A6-4A28ECBE50F5}
		{B00C60AB-F284-4F19-BA1B-4282D57EBD73} = {34BC2B01-785D-49DE-98A6-4A28ECBE50F5}
		{4EEC0697-7D16-468B-87C8-9C0F482390AB} = {C8F03947-923E-4E3C-827C-331B8AF727DA}
	EndGlobalSection
EndGlobal
